
Microsoft Visual Studio Solution File, Format Version 12.00
# Blend for Visual Studio Version 16
VisualStudioVersion = 16.6.30114.105
MinimumVisualStudioVersion = 10.0.40219.1
Project("{9A19103F-16F7-4668-BE54-9A1E7A4F7556}") = "Refactor", "Refactor\Refactor.csproj", "{E17FF432-4C0F-4C7F-A23A-7950E2E045E8}"
EndProject
Project("{9A19103F-16F7-4668-BE54-9A1E7A4F7556}") = "Refactor.Tests", "Refactor.Tests\Refactor.Tests.csproj", "{23D0DD26-41A8-4A87-A0E4-AA37B77BA4A1}"
EndProject
Project("{9A19103F-16F7-4668-BE54-9A1E7A4F7556}") = "Editor", "Editor\Editor.csproj", "{714C8180-2139-4BEE-8D62-D1A072F3B7E9}"
	ProjectSection(ProjectDependencies) = postProject
		{E17FF432-4C0F-4C7F-A23A-7950E2E045E8} = {E17FF432-4C0F-4C7F-A23A-7950E2E045E8}
	EndProjectSection
EndProject
Global
	GlobalSection(SolutionConfigurationPlatforms) = preSolution
		Debug|Any CPU = Debug|Any CPU
		Debug|x64 = Debug|x64
		Debug|x86 = Debug|x86
		Release|Any CPU = Release|Any CPU
		Release|x64 = Release|x64
		Release|x86 = Release|x86
	EndGlobalSection
	GlobalSection(ProjectConfigurationPlatforms) = postSolution
		{E17FF432-4C0F-4C7F-A23A-7950E2E045E8}.Debug|Any CPU.ActiveCfg = Debug|Any CPU
		{E17FF432-4C0F-4C7F-A23A-7950E2E045E8}.Debug|Any CPU.Build.0 = Debug|Any CPU
		{E17FF432-4C0F-4C7F-A23A-7950E2E045E8}.Debug|x64.ActiveCfg = Debug|Any CPU
		{E17FF432-4C0F-4C7F-A23A-7950E2E045E8}.Debug|x64.Build.0 = Debug|Any CPU
		{E17FF432-4C0F-4C7F-A23A-7950E2E045E8}.Debug|x86.ActiveCfg = Debug|Any CPU
		{E17FF432-4C0F-4C7F-A23A-7950E2E045E8}.Debug|x86.Build.0 = Debug|Any CPU
		{E17FF432-4C0F-4C7F-A23A-7950E2E045E8}.Release|Any CPU.ActiveCfg = Release|Any CPU
		{E17FF432-4C0F-4C7F-A23A-7950E2E045E8}.Release|Any CPU.Build.0 = Release|Any CPU
		{E17FF432-4C0F-4C7F-A23A-7950E2E045E8}.Release|x64.ActiveCfg = Release|Any CPU
		{E17FF432-4C0F-4C7F-A23A-7950E2E045E8}.Release|x64.Build.0 = Release|Any CPU
		{E17FF432-4C0F-4C7F-A23A-7950E2E045E8}.Release|x86.ActiveCfg = Release|Any CPU
		{E17FF432-4C0F-4C7F-A23A-7950E2E045E8}.Release|x86.Build.0 = Release|Any CPU
		{23D0DD26-41A8-4A87-A0E4-AA37B77BA4A1}.Debug|Any CPU.ActiveCfg = Debug|Any CPU
		{23D0DD26-41A8-4A87-A0E4-AA37B77BA4A1}.Debug|Any CPU.Build.0 = Debug|Any CPU
		{23D0DD26-41A8-4A87-A0E4-AA37B77BA4A1}.Debug|x64.ActiveCfg = Debug|Any CPU
		{23D0DD26-41A8-4A87-A0E4-AA37B77BA4A1}.Debug|x64.Build.0 = Debug|Any CPU
		{23D0DD26-41A8-4A87-A0E4-AA37B77BA4A1}.Debug|x86.ActiveCfg = Debug|Any CPU
		{23D0DD26-41A8-4A87-A0E4-AA37B77BA4A1}.Debug|x86.Build.0 = Debug|Any CPU
		{23D0DD26-41A8-4A87-A0E4-AA37B77BA4A1}.Release|Any CPU.ActiveCfg = Release|Any CPU
		{23D0DD26-41A8-4A87-A0E4-AA37B77BA4A1}.Release|Any CPU.Build.0 = Release|Any CPU
		{23D0DD26-41A8-4A87-A0E4-AA37B77BA4A1}.Release|x64.ActiveCfg = Release|Any CPU
		{23D0DD26-41A8-4A87-A0E4-AA37B77BA4A1}.Release|x64.Build.0 = Release|Any CPU
		{23D0DD26-41A8-4A87-A0E4-AA37B77BA4A1}.Release|x86.ActiveCfg = Release|Any CPU
		{23D0DD26-41A8-4A87-A0E4-AA37B77BA4A1}.Release|x86.Build.0 = Release|Any CPU
		{714C8180-2139-4BEE-8D62-D1A072F3B7E9}.Debug|Any CPU.ActiveCfg = Debug|Any CPU
		{714C8180-2139-4BEE-8D62-D1A072F3B7E9}.Debug|Any CPU.Build.0 = Debug|Any CPU
		{714C8180-2139-4BEE-8D62-D1A072F3B7E9}.Debug|x64.ActiveCfg = Debug|Any CPU
		{714C8180-2139-4BEE-8D62-D1A072F3B7E9}.Debug|x64.Build.0 = Debug|Any CPU
		{714C8180-2139-4BEE-8D62-D1A072F3B7E9}.Debug|x86.ActiveCfg = Debug|Any CPU
		{714C8180-2139-4BEE-8D62-D1A072F3B7E9}.Debug|x86.Build.0 = Debug|Any CPU
		{714C8180-2139-4BEE-8D62-D1A072F3B7E9}.Release|Any CPU.ActiveCfg = Release|Any CPU
		{714C8180-2139-4BEE-8D62-D1A072F3B7E9}.Release|Any CPU.Build.0 = Release|Any CPU
		{714C8180-2139-4BEE-8D62-D1A072F3B7E9}.Release|x64.ActiveCfg = Release|Any CPU
		{714C8180-2139-4BEE-8D62-D1A072F3B7E9}.Release|x64.Build.0 = Release|Any CPU
		{714C8180-2139-4BEE-8D62-D1A072F3B7E9}.Release|x86.ActiveCfg = Release|Any CPU
		{714C8180-2139-4BEE-8D62-D1A072F3B7E9}.Release|x86.Build.0 = Release|Any CPU
	EndGlobalSection
	GlobalSection(SolutionProperties) = preSolution
		HideSolutionNode = FALSE
	EndGlobalSection
	GlobalSection(ExtensibilityGlobals) = postSolution
		SolutionGuid = {BA3BE802-C261-46B1-B6FE-F78225A41746}
	EndGlobalSection
EndGlobal
